// !$*UTF8*$!
{
	archiveVersion = 1;
	classes = {
	};
	objectVersion = 56;
	objects = {

/* Begin PBXBuildFile section */
		2A58A28E2A27E8AB008448B6 /* AppDelegate.swift in Sources */ = {isa = PBXBuildFile; fileRef = 2A58A28D2A27E8AB008448B6 /* AppDelegate.swift */; };
		2A58A2902A27E8AB008448B6 /* SceneDelegate.swift in Sources */ = {isa = PBXBuildFile; fileRef = 2A58A28F2A27E8AB008448B6 /* SceneDelegate.swift */; };
		2A58A2922A27E8AB008448B6 /* DataViewController.swift in Sources */ = {isa = PBXBuildFile; fileRef = 2A58A2912A27E8AB008448B6 /* DataViewController.swift */; };
		2A58A2952A27E8AB008448B6 /* Main.storyboard in Resources */ = {isa = PBXBuildFile; fileRef = 2A58A2932A27E8AB008448B6 /* Main.storyboard */; };
		2A58A2982A27E8AB008448B6 /* MDEV1001_M2023_ICE4.xcdatamodeld in Sources */ = {isa = PBXBuildFile; fileRef = 2A58A2962A27E8AB008448B6 /* MDEV1001_M2023_ICE4.xcdatamodeld */; };
		2A58A29A2A27E8AC008448B6 /* Assets.xcassets in Resources */ = {isa = PBXBuildFile; fileRef = 2A58A2992A27E8AC008448B6 /* Assets.xcassets */; };
		2A58A29D2A27E8AC008448B6 /* LaunchScreen.storyboard in Resources */ = {isa = PBXBuildFile; fileRef = 2A58A29B2A27E8AC008448B6 /* LaunchScreen.storyboard */; };
		2A58A2A52A27EC98008448B6 /* movies.json in Resources */ = {isa = PBXBuildFile; fileRef = 2A58A2A42A27EC98008448B6 /* movies.json */; };
		2A58A2A72A27F41F008448B6 /* DataSeedar.swift in Sources */ = {isa = PBXBuildFile; fileRef = 2A58A2A62A27F41F008448B6 /* DataSeedar.swift */; };
		2ABB9AD72A33A1B60090BBA6 /* AddEditViewController.swift in Sources */ = {isa = PBXBuildFile; fileRef = 2ABB9AD62A33A1B60090BBA6 /* AddEditViewController.swift */; };
		2AC7873A2A32496400348C41 /* MovieTableViewCell.swift in Sources */ = {isa = PBXBuildFile; fileRef = 2AC787392A32496400348C41 /* MovieTableViewCell.swift */; };
/* End PBXBuildFile section */

/* Begin PBXFileReference section */
		2A58A28A2A27E8AB008448B6 /* MDEV1001-M2023-ICE4.app */ = {isa = PBXFileReference; explicitFileType = wrapper.application; includeInIndex = 0; path = "MDEV1001-M2023-ICE4.app"; sourceTree = BUILT_PRODUCTS_DIR; };
		2A58A28D2A27E8AB008448B6 /* AppDelegate.swift */ = {isa = PBXFileReference; lastKnownFileType = sourcecode.swift; path = AppDelegate.swift; sourceTree = "<group>"; };
		2A58A28F2A27E8AB008448B6 /* SceneDelegate.swift */ = {isa = PBXFileReference; lastKnownFileType = sourcecode.swift; path = SceneDelegate.swift; sourceTree = "<group>"; };
		2A58A2912A27E8AB008448B6 /* DataViewController.swift */ = {isa = PBXFileReference; lastKnownFileType = sourcecode.swift; path = DataViewController.swift; sourceTree = "<group>"; };
		2A58A2942A27E8AB008448B6 /* Base */ = {isa = PBXFileReference; lastKnownFileType = file.storyboard; name = Base; path = Base.lproj/Main.storyboard; sourceTree = "<group>"; };
		2A58A2972A27E8AB008448B6 /* MDEV1001_M2023_ICE4.xcdatamodel */ = {isa = PBXFileReference; lastKnownFileType = wrapper.xcdatamodel; path = MDEV1001_M2023_ICE4.xcdatamodel; sourceTree = "<group>"; };
		2A58A2992A27E8AC008448B6 /* Assets.xcassets */ = {isa = PBXFileReference; lastKnownFileType = folder.assetcatalog; path = Assets.xcassets; sourceTree = "<group>"; };
		2A58A29C2A27E8AC008448B6 /* Base */ = {isa = PBXFileReference; lastKnownFileType = file.storyboard; name = Base; path = Base.lproj/LaunchScreen.storyboard; sourceTree = "<group>"; };
		2A58A29E2A27E8AC008448B6 /* Info.plist */ = {isa = PBXFileReference; lastKnownFileType = text.plist.xml; path = Info.plist; sourceTree = "<group>"; };
		2A58A2A42A27EC98008448B6 /* movies.json */ = {isa = PBXFileReference; fileEncoding = 4; lastKnownFileType = text.json; name = movies.json; path = ../../../movies.json; sourceTree = "<group>"; };
		2A58A2A62A27F41F008448B6 /* DataSeedar.swift */ = {isa = PBXFileReference; lastKnownFileType = sourcecode.swift; path = DataSeedar.swift; sourceTree = "<group>"; };
		2ABB9AD62A33A1B60090BBA6 /* AddEditViewController.swift */ = {isa = PBXFileReference; lastKnownFileType = sourcecode.swift; path = AddEditViewController.swift; sourceTree = "<group>"; };
		2AC787392A32496400348C41 /* MovieTableViewCell.swift */ = {isa = PBXFileReference; lastKnownFileType = sourcecode.swift; path = MovieTableViewCell.swift; sourceTree = "<group>"; };
/* End PBXFileReference section */

/* Begin PBXFrameworksBuildPhase section */
		2A58A2872A27E8AB008448B6 /* Frameworks */ = {
			isa = PBXFrameworksBuildPhase;
			buildActionMask = 2147483647;
			files = (
			);
			runOnlyForDeploymentPostprocessing = 0;
		};
/* End PBXFrameworksBuildPhase section */

/* Begin PBXGroup section */
		2A58A2812A27E8AB008448B6 = {
			isa = PBXGroup;
			children = (
				2A58A28C2A27E8AB008448B6 /* MDEV1001-M2023-ICE4 */,
				2A58A28B2A27E8AB008448B6 /* Products */,
			);
			sourceTree = "<group>";
		};
		2A58A28B2A27E8AB008448B6 /* Products */ = {
			isa = PBXGroup;
			children = (
				2A58A28A2A27E8AB008448B6 /* MDEV1001-M2023-ICE4.app */,
			);
			name = Products;
			sourceTree = "<group>";
		};
		2A58A28C2A27E8AB008448B6 /* MDEV1001-M2023-ICE4 */ = {
			isa = PBXGroup;
			children = (
				2A58A28D2A27E8AB008448B6 /* AppDelegate.swift */,
				2A58A28F2A27E8AB008448B6 /* SceneDelegate.swift */,
				2A58A2A42A27EC98008448B6 /* movies.json */,
				2A58A2912A27E8AB008448B6 /* DataViewController.swift */,
				2A58A2932A27E8AB008448B6 /* Main.storyboard */,
				2A58A2992A27E8AC008448B6 /* Assets.xcassets */,
				2A58A29B2A27E8AC008448B6 /* LaunchScreen.storyboard */,
				2A58A29E2A27E8AC008448B6 /* Info.plist */,
				2A58A2962A27E8AB008448B6 /* MDEV1001_M2023_ICE4.xcdatamodeld */,
				2A58A2A62A27F41F008448B6 /* DataSeedar.swift */,
				2AC787392A32496400348C41 /* MovieTableViewCell.swift */,
				2ABB9AD62A33A1B60090BBA6 /* AddEditViewController.swift */,
			);
			path = "MDEV1001-M2023-ICE4";
			sourceTree = "<group>";
		};
/* End PBXGroup section */

/* Begin PBXNativeTarget section */
		2A58A2892A27E8AB008448B6 /* MDEV1001-M2023-ICE4 */ = {
			isa = PBXNativeTarget;
			buildConfigurationList = 2A58A2A12A27E8AC008448B6 /* Build configuration list for PBXNativeTarget "MDEV1001-M2023-ICE4" */;
			buildPhases = (
				2A58A2862A27E8AB008448B6 /* Sources */,
				2A58A2872A27E8AB008448B6 /* Frameworks */,
				2A58A2882A27E8AB008448B6 /* Resources */,
			);
			buildRules = (
			);
			dependencies = (
			);
			name = "MDEV1001-M2023-ICE4";
			productName = "MDEV1001-M2023-ICE4";
			productReference = 2A58A28A2A27E8AB008448B6 /* MDEV1001-M2023-ICE4.app */;
			productType = "com.apple.product-type.application";
		};
/* End PBXNativeTarget section */

/* Begin PBXProject section */
		2A58A2822A27E8AB008448B6 /* Project object */ = {
			isa = PBXProject;
			attributes = {
				BuildIndependentTargetsInParallel = 1;
				LastSwiftUpdateCheck = 1430;
				LastUpgradeCheck = 1430;
				TargetAttributes = {
					2A58A2892A27E8AB008448B6 = {
						CreatedOnToolsVersion = 14.3;
					};
				};
			};
			buildConfigurationList = 2A58A2852A27E8AB008448B6 /* Build configuration list for PBXProject "MDEV1001-M2023-ICE4" */;
			compatibilityVersion = "Xcode 14.0";
			developmentRegion = en;
			hasScannedForEncodings = 0;
			knownRegions = (
				en,
				Base,
			);
			mainGroup = 2A58A2812A27E8AB008448B6;
			productRefGroup = 2A58A28B2A27E8AB008448B6 /* Products */;
			projectDirPath = "";
			projectRoot = "";
			targets = (
				2A58A2892A27E8AB008448B6 /* MDEV1001-M2023-ICE4 */,
			);
		};
/* End PBXProject section */

/* Begin PBXResourcesBuildPhase section */
		2A58A2882A27E8AB008448B6 /* Resources */ = {
			isa = PBXResourcesBuildPhase;
			buildActionMask = 2147483647;
			files = (
				2A58A29D2A27E8AC008448B6 /* LaunchScreen.storyboard in Resources */,
				2A58A29A2A27E8AC008448B6 /* Assets.xcassets in Resources */,
				2A58A2A52A27EC98008448B6 /* movies.json in Resources */,
				2A58A2952A27E8AB008448B6 /* Main.storyboard in Resources */,
			);
			runOnlyForDeploymentPostprocessing = 0;
		};
/* End PBXResourcesBuildPhase section */

/* Begin PBXSourcesBuildPhase section */
		2A58A2862A27E8AB008448B6 /* Sources */ = {
			isa = PBXSourcesBuildPhase;
			buildActionMask = 2147483647;
			files = (
				2A58A2922A27E8AB008448B6 /* DataViewController.swift in Sources */,
				2ABB9AD72A33A1B60090BBA6 /* AddEditViewController.swift in Sources */,
				2A58A28E2A27E8AB008448B6 /* AppDelegate.swift in Sources */,
				2AC7873A2A32496400348C41 /* MovieTableViewCell.swift in Sources */,
				2A58A2982A27E8AB008448B6 /* MDEV1001_M2023_ICE4.xcdatamodeld in Sources */,
				2A58A2902A27E8AB008448B6 /* SceneDelegate.swift in Sources */,
				2A58A2A72A27F41F008448B6 /* DataSeedar.swift in Sources */,
			);
			runOnlyForDeploymentPostprocessing = 0;
		};
/* End PBXSourcesBuildPhase section */

/* Begin PBXVariantGroup section */
		2A58A2932A27E8AB008448B6 /* Main.storyboard */ = {
			isa = PBXVariantGroup;
			children = (
				2A58A2942A27E8AB008448B6 /* Base */,
			);
			name = Main.storyboard;
			sourceTree = "<group>";
		};
		2A58A29B2A27E8AC008448B6 /* LaunchScreen.storyboard */ = {
			isa = PBXVariantGroup;
			children = (
				2A58A29C2A27E8AC008448B6 /* Base */,
			);
			name = LaunchScreen.storyboard;
			sourceTree = "<group>";
		};
/* End PBXVariantGroup section */

/* Begin XCBuildConfiguration section */
		2A58A29F2A27E8AC008448B6 /* Debug */ = {
			isa = XCBuildConfiguration;
			buildSettings = {
				ALWAYS_SEARCH_USER_PATHS = NO;
				CLANG_ANALYZER_NONNULL = YES;
				CLANG_ANALYZER_NUMBER_OBJECT_CONVERSION = YES_AGGRESSIVE;
				CLANG_CXX_LANGUAGE_STANDARD = "gnu++20";
				CLANG_ENABLE_MODULES = YES;
				CLANG_ENABLE_OBJC_ARC = YES;
				CLANG_ENABLE_OBJC_WEAK = YES;
				CLANG_WARN_BLOCK_CAPTURE_AUTORELEASING = YES;
				CLANG_WARN_BOOL_CONVERSION = YES;
				CLANG_WARN_COMMA = YES;
				CLANG_WARN_CONSTANT_CONVERSION = YES;
				CLANG_WARN_DEPRECATED_OBJC_IMPLEMENTATIONS = YES;
				CLANG_WARN_DIRECT_OBJC_ISA_USAGE = YES_ERROR;
				CLANG_WARN_DOCUMENTATION_COMMENTS = YES;
				CLANG_WARN_EMPTY_BODY = YES;
				CLANG_WARN_ENUM_CONVERSION = YES;
				CLANG_WARN_INFINITE_RECURSION = YES;
				CLANG_WARN_INT_CONVERSION = YES;
				CLANG_WARN_NON_LITERAL_NULL_CONVERSION = YES;
				CLANG_WARN_OBJC_IMPLICIT_RETAIN_SELF = YES;
				CLANG_WARN_OBJC_LITERAL_CONVERSION = YES;
				CLANG_WARN_OBJC_ROOT_CLASS = YES_ERROR;
				CLANG_WARN_QUOTED_INCLUDE_IN_FRAMEWORK_HEADER = YES;
				CLANG_WARN_RANGE_LOOP_ANALYSIS = YES;
				CLANG_WARN_STRICT_PROTOTYPES = YES;
				CLANG_WARN_SUSPICIOUS_MOVE = YES;
				CLANG_WARN_UNGUARDED_AVAILABILITY = YES_AGGRESSIVE;
				CLANG_WARN_UNREACHABLE_CODE = YES;
				CLANG_WARN__DUPLICATE_METHOD_MATCH = YES;
				COPY_PHASE_STRIP = NO;
				DEBUG_INFORMATION_FORMAT = dwarf;
				ENABLE_STRICT_OBJC_MSGSEND = YES;
				ENABLE_TESTABILITY = YES;
				GCC_C_LANGUAGE_STANDARD = gnu11;
				GCC_DYNAMIC_NO_PIC = NO;
				GCC_NO_COMMON_BLOCKS = YES;
				GCC_OPTIMIZATION_LEVEL = 0;
				GCC_PREPROCESSOR_DEFINITIONS = (
					"DEBUG=1",
					"$(inherited)",
				);
				GCC_WARN_64_TO_32_BIT_CONVERSION = YES;
				GCC_WARN_ABOUT_RETURN_TYPE = YES_ERROR;
				GCC_WARN_UNDECLARED_SELECTOR = YES;
				GCC_WARN_UNINITIALIZED_AUTOS = YES_AGGRESSIVE;
				GCC_WARN_UNUSED_FUNCTION = YES;
				GCC_WARN_UNUSED_VARIABLE = YES;
				IPHONEOS_DEPLOYMENT_TARGET = 16.4;
				MTL_ENABLE_DEBUG_INFO = INCLUDE_SOURCE;
				MTL_FAST_MATH = YES;
				ONLY_ACTIVE_ARCH = YES;
				SDKROOT = iphoneos;
				SWIFT_ACTIVE_COMPILATION_CONDITIONS = DEBUG;
				SWIFT_OPTIMIZATION_LEVEL = "-Onone";
			};
			name = Debug;
		};
		2A58A2A02A27E8AC008448B6 /* Release */ = {
			isa = XCBuildConfiguration;
			buildSettings = {
				ALWAYS_SEARCH_USER_PATHS = NO;
				CLANG_ANALYZER_NONNULL = YES;
				CLANG_ANALYZER_NUMBER_OBJECT_CONVERSION = YES_AGGRESSIVE;
				CLANG_CXX_LANGUAGE_STANDARD = "gnu++20";
				CLANG_ENABLE_MODULES = YES;
				CLANG_ENABLE_OBJC_ARC = YES;
				CLANG_ENABLE_OBJC_WEAK = YES;
				CLANG_WARN_BLOCK_CAPTURE_AUTORELEASING = YES;
				CLANG_WARN_BOOL_CONVERSION = YES;
				CLANG_WARN_COMMA = YES;
				CLANG_WARN_CONSTANT_CONVERSION = YES;
				CLANG_WARN_DEPRECATED_OBJC_IMPLEMENTATIONS = YES;
				CLANG_WARN_DIRECT_OBJC_ISA_USAGE = YES_ERROR;
				CLANG_WARN_DOCUMENTATION_COMMENTS = YES;
				CLANG_WARN_EMPTY_BODY = YES;
				CLANG_WARN_ENUM_CONVERSION = YES;
				CLANG_WARN_INFINITE_RECURSION = YES;
				CLANG_WARN_INT_CONVERSION = YES;
				CLANG_WARN_NON_LITERAL_NULL_CONVERSION = YES;
				CLANG_WARN_OBJC_IMPLICIT_RETAIN_SELF = YES;
				CLANG_WARN_OBJC_LITERAL_CONVERSION = YES;
				CLANG_WARN_OBJC_ROOT_CLASS = YES_ERROR;
				CLANG_WARN_QUOTED_INCLUDE_IN_FRAMEWORK_HEADER = YES;
				CLANG_WARN_RANGE_LOOP_ANALYSIS = YES;
				CLANG_WARN_STRICT_PROTOTYPES = YES;
				CLANG_WARN_SUSPICIOUS_MOVE = YES;
				CLANG_WARN_UNGUARDED_AVAILABILITY = YES_AGGRESSIVE;
				CLANG_WARN_UNREACHABLE_CODE = YES;
				CLANG_WARN__DUPLICATE_METHOD_MATCH = YES;
				COPY_PHASE_STRIP = NO;
				DEBUG_INFORMATION_FORMAT = "dwarf-with-dsym";
				ENABLE_NS_ASSERTIONS = NO;
				ENABLE_STRICT_OBJC_MSGSEND = YES;
				GCC_C_LANGUAGE_STANDARD = gnu11;
				GCC_NO_COMMON_BLOCKS = YES;
				GCC_WARN_64_TO_32_BIT_CONVERSION = YES;
				GCC_WARN_ABOUT_RETURN_TYPE = YES_ERROR;
				GCC_WARN_UNDECLARED_SELECTOR = YES;
				GCC_WARN_UNINITIALIZED_AUTOS = YES_AGGRESSIVE;
				GCC_WARN_UNUSED_FUNCTION = YES;
				GCC_WARN_UNUSED_VARIABLE = YES;
				IPHONEOS_DEPLOYMENT_TARGET = 16.4;
				MTL_ENABLE_DEBUG_INFO = NO;
				MTL_FAST_MATH = YES;
				SDKROOT = iphoneos;
				SWIFT_COMPILATION_MODE = wholemodule;
				SWIFT_OPTIMIZATION_LEVEL = "-O";
				VALIDATE_PRODUCT = YES;
			};
			name = Release;
		};
		2A58A2A22A27E8AC008448B6 /* Debug */ = {
			isa = XCBuildConfiguration;
			buildSettings = {
				ASSETCATALOG_COMPILER_APPICON_NAME = AppIcon;
				ASSETCATALOG_COMPILER_GLOBAL_ACCENT_COLOR_NAME = AccentColor;
				CODE_SIGN_STYLE = Automatic;
				CURRENT_PROJECT_VERSION = 1;
				GENERATE_INFOPLIST_FILE = YES;
				INFOPLIST_FILE = "MDEV1001-M2023-ICE4/Info.plist";
				INFOPLIST_KEY_UIApplicationSupportsIndirectInputEvents = YES;
				INFOPLIST_KEY_UILaunchStoryboardName = LaunchScreen;
				INFOPLIST_KEY_UIMainStoryboardFile = Main;
				INFOPLIST_KEY_UISupportedInterfaceOrientations_iPad = "UIInterfaceOrientationPortrait UIInterfaceOrientationPortraitUpsideDown UIInterfaceOrientationLandscapeLeft UIInterfaceOrientationLandscapeRight";
				INFOPLIST_KEY_UISupportedInterfaceOrientations_iPhone = "UIInterfaceOrientationPortrait UIInterfaceOrientationLandscapeLeft UIInterfaceOrientationLandscapeRight";
				LD_RUNPATH_SEARCH_PATHS = (
					"$(inherited)",
					"@executable_path/Frameworks",
				);
				MARKETING_VERSION = 1.0;
				PRODUCT_BUNDLE_IDENTIFIER = "ca.georgian.gurwindersingh.MDEV1001-M2023-ICE4";
				PRODUCT_NAME = "$(TARGET_NAME)";
				SWIFT_EMIT_LOC_STRINGS = YES;
				SWIFT_VERSION = 5.0;
				TARGETED_DEVICE_FAMILY = "1,2";
			};
			name = Debug;
		};
		2A58A2A32A27E8AC008448B6 /* Release */ = {
			isa = XCBuildConfiguration;
			buildSettings = {
				ASSETCATALOG_COMPILER_APPICON_NAME = AppIcon;
				ASSETCATALOG_COMPILER_GLOBAL_ACCENT_COLOR_NAME = AccentColor;
				CODE_SIGN_STYLE = Automatic;
				CURRENT_PROJECT_VERSION = 1;
				GENERATE_INFOPLIST_FILE = YES;
				INFOPLIST_FILE = "MDEV1001-M2023-ICE4/Info.plist";
				INFOPLIST_KEY_UIApplicationSupportsIndirectInputEvents = YES;
				INFOPLIST_KEY_UILaunchStoryboardName = LaunchScreen;
				INFOPLIST_KEY_UIMainStoryboardFile = Main;
				INFOPLIST_KEY_UISupportedInterfaceOrientations_iPad = "UIInterfaceOrientationPortrait UIInterfaceOrientationPortraitUpsideDown UIInterfaceOrientationLandscapeLeft UIInterfaceOrientationLandscapeRight";
				INFOPLIST_KEY_UISupportedInterfaceOrientations_iPhone = "UIInterfaceOrientationPortrait UIInterfaceOrientationLandscapeLeft UIInterfaceOrientationLandscapeRight";
				LD_RUNPATH_SEARCH_PATHS = (
					"$(inherited)",
					"@executable_path/Frameworks",
				);
				MARKETING_VERSION = 1.0;
				PRODUCT_BUNDLE_IDENTIFIER = "ca.georgian.gurwindersingh.MDEV1001-M2023-ICE4";
				PRODUCT_NAME = "$(TARGET_NAME)";
				SWIFT_EMIT_LOC_STRINGS = YES;
				SWIFT_VERSION = 5.0;
				TARGETED_DEVICE_FAMILY = "1,2";
			};
			name = Release;
		};
/* End XCBuildConfiguration section */

/* Begin XCConfigurationList section */
		2A58A2852A27E8AB008448B6 /* Build configuration list for PBXProject "MDEV1001-M2023-ICE4" */ = {
			isa = XCConfigurationList;
			buildConfigurations = (
				2A58A29F2A27E8AC008448B6 /* Debug */,
				2A58A2A02A27E8AC008448B6 /* Release */,
			);
			defaultConfigurationIsVisible = 0;
			defaultConfigurationName = Release;
		};
		2A58A2A12A27E8AC008448B6 /* Build configuration list for PBXNativeTarget "MDEV1001-M2023-ICE4" */ = {
			isa = XCConfigurationList;
			buildConfigurations = (
				2A58A2A22A27E8AC008448B6 /* Debug */,
				2A58A2A32A27E8AC008448B6 /* Release */,
			);
			defaultConfigurationIsVisible = 0;
			defaultConfigurationName = Release;
		};
/* End XCConfigurationList section */

/* Begin XCVersionGroup section */
		2A58A2962A27E8AB008448B6 /* MDEV1001_M2023_ICE4.xcdatamodeld */ = {
			isa = XCVersionGroup;
			children = (
				2A58A2972A27E8AB008448B6 /* MDEV1001_M2023_ICE4.xcdatamodel */,
			);
			currentVersion = 2A58A2972A27E8AB008448B6 /* MDEV1001_M2023_ICE4.xcdatamodel */;
			path = MDEV1001_M2023_ICE4.xcdatamodeld;
			sourceTree = "<group>";
			versionGroupType = wrapper.xcdatamodel;
		};
/* End XCVersionGroup section */
	};
	rootObject = 2A58A2822A27E8AB008448B6 /* Project object */;
}
